
Microsoft Visual Studio Solution File, Format Version 12.00
# Visual Studio Version 16
VisualStudioVersion = 16.0.30105.148
MinimumVisualStudioVersion = 10.0.40219.1
Project("{FAE04EC0-301F-11D3-BF4B-00C04F79EFBC}") = "MoneyManagerExReportArchiveGenerator", "MoneyManagerExReportArchiveGenerator\MoneyManagerExReportArchiveGenerator.csproj", "{7E0A18EC-9EAA-4206-A97F-CF839F5E80FB}"
EndProject
Global
	GlobalSection(SolutionConfigurationPlatforms) = preSolution
		Debug|Any CPU = Debug|Any CPU
		Release|Any CPU = Release|Any CPU
	EndGlobalSection
	GlobalSection(ProjectConfigurationPlatforms) = postSolution
		{7E0A18EC-9EAA-4206-A97F-CF839F5E80FB}.Debug|Any CPU.ActiveCfg = Debug|Any CPU
		{7E0A18EC-9EAA-4206-A97F-CF839F5E80FB}.Debug|Any CPU.Build.0 = Debug|Any CPU
		{7E0A18EC-9EAA-4206-A97F-CF839F5E80FB}.Release|Any CPU.ActiveCfg = Release|Any CPU
		{7E0A18EC-9EAA-4206-A97F-CF839F5E80FB}.Release|Any CPU.Build.0 = Release|Any CPU
	EndGlobalSection
	GlobalSection(SolutionProperties) = preSolution
		HideSolutionNode = FALSE
	EndGlobalSection
	GlobalSection(ExtensibilityGlobals) = postSolution
		SolutionGuid = {98997772-A395-403F-801D-89E3112CBECF}
	EndGlobalSection
EndGlobal
